lockfileVersion: '9.0'

settings:
  autoInstallPeers: true
  excludeLinksFromLockfile: false

importers:

  .:
    dependencies:
      countries-list:
        specifier: ^3.1.1
        version: 3.1.1

packages:

  countries-list@3.1.1:
    resolution: {integrity: sha512-nPklKJ5qtmY5MdBKw1NiBAoyx5Sa7p2yPpljZyQ7gyCN1m+eMFs9I6CT37Mxt8zvR5L3VzD3DJBE4WQzX3WF4A==}

snapshots:

  countries-list@3.1.1: {}
